
Microsoft Visual Studio Solution File, Format Version 12.00
# Visual Studio Version 16
VisualStudioVersion = 16.0.30406.217
MinimumVisualStudioVersion = 10.0.40219.1
Project("{FAE04EC0-301F-11D3-BF4B-00C04F79EFBC}") = "PairProgramGame", "PairProgrammingGame\PairProgramGame.csproj", "{73F4E32D-9F0C-4088-98FE-AB4AA17799E1}"
EndProject
Global
	GlobalSection(SolutionConfigurationPlatforms) = preSolution
		Debug|Any CPU = Debug|Any CPU
		Release|Any CPU = Release|Any CPU
	EndGlobalSection
	GlobalSection(ProjectConfigurationPlatforms) = postSolution
		{73F4E32D-9F0C-4088-98FE-AB4AA17799E1}.Debug|Any CPU.ActiveCfg = Debug|Any CPU
		{73F4E32D-9F0C-4088-98FE-AB4AA17799E1}.Debug|Any CPU.Build.0 = Debug|Any CPU
		{73F4E32D-9F0C-4088-98FE-AB4AA17799E1}.Release|Any CPU.ActiveCfg = Release|Any CPU
		{73F4E32D-9F0C-4088-98FE-AB4AA17799E1}.Release|Any CPU.Build.0 = Release|Any CPU
	EndGlobalSection
	GlobalSection(SolutionProperties) = preSolution
		HideSolutionNode = FALSE
	EndGlobalSection
	GlobalSection(ExtensibilityGlobals) = postSolution
		SolutionGuid = {EE38CBC2-B9EF-4ABE-BEAF-4966F3F5B44D}
	EndGlobalSection
EndGlobal
